// !$*UTF8*$!
{
	archiveVersion = 1;
	classes = {
	};
	objectVersion = 46;
	objects = {

/* Begin PBXBuildFile section */
		3EE4706E1D5B1D0B00D3CB31 /* AppDelegate.swift in Sources */ = {isa = PBXBuildFile; fileRef = 3EE4706D1D5B1D0B00D3CB31 /* AppDelegate.swift */; };
		3EE470701D5B1D0B00D3CB31 /* ViewController.swift in Sources */ = {isa = PBXBuildFile; fileRef = 3EE4706F1D5B1D0B00D3CB31 /* ViewController.swift */; };
		3EE470731D5B1D0B00D3CB31 /* Main.storyboard in Resources */ = {isa = PBXBuildFile; fileRef = 3EE470711D5B1D0B00D3CB31 /* Main.storyboard */; };
		3EE470751D5B1D0B00D3CB31 /* Assets.xcassets in Resources */ = {isa = PBXBuildFile; fileRef = 3EE470741D5B1D0B00D3CB31 /* Assets.xcassets */; };
		3EE470781D5B1D0B00D3CB31 /* LaunchScreen.storyboard in Resources */ = {isa = PBXBuildFile; fileRef = 3EE470761D5B1D0B00D3CB31 /* LaunchScreen.storyboard */; };
		3EE470801D5B1FB300D3CB31 /* WebViewCommunicationController.swift in Sources */ = {isa = PBXBuildFile; fileRef = 3EE4707F1D5B1FB300D3CB31 /* WebViewCommunicationController.swift */; };
		3EE470831D5B2A3600D3CB31 /* communication.html in Resources */ = {isa = PBXBuildFile; fileRef = 3EE470821D5B2A3600D3CB31 /* communication.html */; };
		3EE470851D5B3EDD00D3CB31 /* google-login-clone in Resources */ = {isa = PBXBuildFile; fileRef = 3EE470841D5B3EDD00D3CB31 /* google-login-clone */; };
		3EE470891D5B415900D3CB31 /* WebViewGoogleLoginController.swift in Sources */ = {isa = PBXBuildFile; fileRef = 3EE470881D5B415900D3CB31 /* WebViewGoogleLoginController.swift */; };
		3EE4708B1D5B437300D3CB31 /* WebViewGoogleActualLoginController.swift in Sources */ = {isa = PBXBuildFile; fileRef = 3EE4708A1D5B437300D3CB31 /* WebViewGoogleActualLoginController.swift */; };
		3EE4708D1D5B4D0700D3CB31 /* JSVirtualMachineController.swift in Sources */ = {isa = PBXBuildFile; fileRef = 3EE4708C1D5B4D0700D3CB31 /* JSVirtualMachineController.swift */; };
/* End PBXBuildFile section */

/* Begin PBXFileReference section */
		3EE4706A1D5B1D0B00D3CB31 /* Warsaw Native.app */ = {isa = PBXFileReference; explicitFileType = wrapper.application; includeInIndex = 0; path = "Warsaw Native.app"; sourceTree = BUILT_PRODUCTS_DIR; };
		3EE4706D1D5B1D0B00D3CB31 /* AppDelegate.swift */ = {isa = PBXFileReference; lastKnownFileType = sourcecode.swift; path = AppDelegate.swift; sourceTree = "<group>"; };
		3EE4706F1D5B1D0B00D3CB31 /* ViewController.swift */ = {isa = PBXFileReference; lastKnownFileType = sourcecode.swift; path = ViewController.swift; sourceTree = "<group>"; };
		3EE470721D5B1D0B00D3CB31 /* Base */ = {isa = PBXFileReference; lastKnownFileType = file.storyboard; name = Base; path = Base.lproj/Main.storyboard; sourceTree = "<group>"; };
		3EE470741D5B1D0B00D3CB31 /* Assets.xcassets */ = {isa = PBXFileReference; lastKnownFileType = folder.assetcatalog; path = Assets.xcassets; sourceTree = "<group>"; };
		3EE470771D5B1D0B00D3CB31 /* Base */ = {isa = PBXFileReference; lastKnownFileType = file.storyboard; name = Base; path = Base.lproj/LaunchScreen.storyboard; sourceTree = "<group>"; };
		3EE470791D5B1D0B00D3CB31 /* Info.plist */ = {isa = PBXFileReference; lastKnownFileType = text.plist.xml; path = Info.plist; sourceTree = "<group>"; };
		3EE4707F1D5B1FB300D3CB31 /* WebViewCommunicationController.swift */ = {isa = PBXFileReference; fileEncoding = 4; lastKnownFileType = sourcecode.swift; path = WebViewCommunicationController.swift; sourceTree = "<group>"; };
		3EE470821D5B2A3600D3CB31 /* communication.html */ = {isa = PBXFileReference; fileEncoding = 4; lastKnownFileType = text.html; name = communication.html; path = Resources/communication.html; sourceTree = "<group>"; };
		3EE470841D5B3EDD00D3CB31 /* google-login-clone */ = {isa = PBXFileReference; lastKnownFileType = folder; name = "google-login-clone"; path = "Resources/google-login-clone"; sourceTree = "<group>"; };
		3EE470881D5B415900D3CB31 /* WebViewGoogleLoginController.swift */ = {isa = PBXFileReference; fileEncoding = 4; lastKnownFileType = sourcecode.swift; path = WebViewGoogleLoginController.swift; sourceTree = "<group>"; };
		3EE4708A1D5B437300D3CB31 /* WebViewGoogleActualLoginController.swift */ = {isa = PBXFileReference; fileEncoding = 4; lastKnownFileType = sourcecode.swift; path = WebViewGoogleActualLoginController.swift; sourceTree = "<group>"; };
		3EE4708C1D5B4D0700D3CB31 /* JSVirtualMachineController.swift */ = {isa = PBXFileReference; fileEncoding = 4; lastKnownFileType = sourcecode.swift; path = JSVirtualMachineController.swift; sourceTree = "<group>"; };
/* End PBXFileReference section */

/* Begin PBXFrameworksBuildPhase section */
		3EE470671D5B1D0B00D3CB31 /* Frameworks */ = {
			isa = PBXFrameworksBuildPhase;
			buildActionMask = 2147483647;
			files = (
			);
			runOnlyForDeploymentPostprocessing = 0;
		};
/* End PBXFrameworksBuildPhase section */

/* Begin PBXGroup section */
		3EE470611D5B1D0B00D3CB31 = {
			isa = PBXGroup;
			children = (
				3EE4706C1D5B1D0B00D3CB31 /* WarsawNative */,
				3EE4706B1D5B1D0B00D3CB31 /* Products */,
			);
			sourceTree = "<group>";
		};
		3EE4706B1D5B1D0B00D3CB31 /* Products */ = {
			isa = PBXGroup;
			children = (
				3EE4706A1D5B1D0B00D3CB31 /* Warsaw Native.app */,
			);
			name = Products;
			sourceTree = "<group>";
		};
		3EE4706C1D5B1D0B00D3CB31 /* WarsawNative */ = {
			isa = PBXGroup;
			children = (
				3EE470811D5B2A1200D3CB31 /* Resources */,
				3EE4706D1D5B1D0B00D3CB31 /* AppDelegate.swift */,
				3EE4706F1D5B1D0B00D3CB31 /* ViewController.swift */,
				3EE470711D5B1D0B00D3CB31 /* Main.storyboard */,
				3EE470741D5B1D0B00D3CB31 /* Assets.xcassets */,
				3EE470761D5B1D0B00D3CB31 /* LaunchScreen.storyboard */,
				3EE470791D5B1D0B00D3CB31 /* Info.plist */,
				3EE4707F1D5B1FB300D3CB31 /* WebViewCommunicationController.swift */,
				3EE470881D5B415900D3CB31 /* WebViewGoogleLoginController.swift */,
				3EE4708A1D5B437300D3CB31 /* WebViewGoogleActualLoginController.swift */,
				3EE4708C1D5B4D0700D3CB31 /* JSVirtualMachineController.swift */,
			);
			path = WarsawNative;
			sourceTree = "<group>";
		};
		3EE470811D5B2A1200D3CB31 /* Resources */ = {
			isa = PBXGroup;
			children = (
				3EE470841D5B3EDD00D3CB31 /* google-login-clone */,
				3EE470821D5B2A3600D3CB31 /* communication.html */,
			);
			name = Resources;
			sourceTree = "<group>";
		};
/* End PBXGroup section */

/* Begin PBXNativeTarget section */
		3EE470691D5B1D0B00D3CB31 /* Warsaw Native */ = {
			isa = PBXNativeTarget;
			buildConfigurationList = 3EE4707C1D5B1D0B00D3CB31 /* Build configuration list for PBXNativeTarget "Warsaw Native" */;
			buildPhases = (
				3EE470661D5B1D0B00D3CB31 /* Sources */,
				3EE470671D5B1D0B00D3CB31 /* Frameworks */,
				3EE470681D5B1D0B00D3CB31 /* Resources */,
			);
			buildRules = (
			);
			dependencies = (
			);
			name = "Warsaw Native";
			productName = WarsawNative;
			productReference = 3EE4706A1D5B1D0B00D3CB31 /* Warsaw Native.app */;
			productType = "com.apple.product-type.application";
		};
/* End PBXNativeTarget section */

/* Begin PBXProject section */
		3EE470621D5B1D0B00D3CB31 /* Project object */ = {
			isa = PBXProject;
			attributes = {
				LastSwiftUpdateCheck = 0730;
				LastUpgradeCheck = 0730;
				ORGANIZATIONNAME = "Andrey Salomatin";
				TargetAttributes = {
					3EE470691D5B1D0B00D3CB31 = {
						CreatedOnToolsVersion = 7.3.1;
						DevelopmentTeam = LEK4SKE49E;
					};
				};
			};
			buildConfigurationList = 3EE470651D5B1D0B00D3CB31 /* Build configuration list for PBXProject "WarsawNative" */;
			compatibilityVersion = "Xcode 3.2";
			developmentRegion = English;
			hasScannedForEncodings = 0;
			knownRegions = (
				en,
				Base,
			);
			mainGroup = 3EE470611D5B1D0B00D3CB31;
			productRefGroup = 3EE4706B1D5B1D0B00D3CB31 /* Products */;
			projectDirPath = "";
			projectRoot = "";
			targets = (
				3EE470691D5B1D0B00D3CB31 /* Warsaw Native */,
			);
		};
/* End PBXProject section */

/* Begin PBXResourcesBuildPhase section */
		3EE470681D5B1D0B00D3CB31 /* Resources */ = {
			isa = PBXResourcesBuildPhase;
			buildActionMask = 2147483647;
			files = (
				3EE470781D5B1D0B00D3CB31 /* LaunchScreen.storyboard in Resources */,
				3EE470851D5B3EDD00D3CB31 /* google-login-clone in Resources */,
				3EE470751D5B1D0B00D3CB31 /* Assets.xcassets in Resources */,
				3EE470731D5B1D0B00D3CB31 /* Main.storyboard in Resources */,
				3EE470831D5B2A3600D3CB31 /* communication.html in Resources */,
			);
			runOnlyForDeploymentPostprocessing = 0;
		};
/* End PBXResourcesBuildPhase section */

/* Begin PBXSourcesBuildPhase section */
		3EE470661D5B1D0B00D3CB31 /* Sources */ = {
			isa = PBXSourcesBuildPhase;
			buildActionMask = 2147483647;
			files = (
				3EE4708B1D5B437300D3CB31 /* WebViewGoogleActualLoginController.swift in Sources */,
				3EE470891D5B415900D3CB31 /* WebViewGoogleLoginController.swift in Sources */,
				3EE470701D5B1D0B00D3CB31 /* ViewController.swift in Sources */,
				3EE470801D5B1FB300D3CB31 /* WebViewCommunicationController.swift in Sources */,
				3EE4708D1D5B4D0700D3CB31 /* JSVirtualMachineController.swift in Sources */,
				3EE4706E1D5B1D0B00D3CB31 /* AppDelegate.swift in Sources */,
			);
			runOnlyForDeploymentPostprocessing = 0;
		};
/* End PBXSourcesBuildPhase section */

/* Begin PBXVariantGroup section */
		3EE470711D5B1D0B00D3CB31 /* Main.storyboard */ = {
			isa = PBXVariantGroup;
			children = (
				3EE470721D5B1D0B00D3CB31 /* Base */,
			);
			name = Main.storyboard;
			sourceTree = "<group>";
		};
		3EE470761D5B1D0B00D3CB31 /* LaunchScreen.storyboard */ = {
			isa = PBXVariantGroup;
			children = (
				3EE470771D5B1D0B00D3CB31 /* Base */,
			);
			name = LaunchScreen.storyboard;
			sourceTree = "<group>";
		};
/* End PBXVariantGroup section */

/* Begin XCBuildConfiguration section */
		3EE4707A1D5B1D0B00D3CB31 /* Debug */ = {
			isa = XCBuildConfiguration;
			buildSettings = {
				ALWAYS_SEARCH_USER_PATHS = NO;
				CLANG_ANALYZER_NONNULL = YES;
				CLANG_CXX_LANGUAGE_STANDARD = "gnu++0x";
				CLANG_CXX_LIBRARY = "libc++";
				CLANG_ENABLE_MODULES = YES;
				CLANG_ENABLE_OBJC_ARC = YES;
				CLANG_WARN_BOOL_CONVERSION = YES;
				CLANG_WARN_CONSTANT_CONVERSION = YES;
				CLANG_WARN_DIRECT_OBJC_ISA_USAGE = YES_ERROR;
				CLANG_WARN_EMPTY_BODY = YES;
				CLANG_WARN_ENUM_CONVERSION = YES;
				CLANG_WARN_INT_CONVERSION = YES;
				CLANG_WARN_OBJC_ROOT_CLASS = YES_ERROR;
				CLANG_WARN_UNREACHABLE_CODE = YES;
				CLANG_WARN__DUPLICATE_METHOD_MATCH = YES;
				"CODE_SIGN_IDENTITY[sdk=iphoneos*]" = "iPhone Developer";
				COPY_PHASE_STRIP = NO;
				DEBUG_INFORMATION_FORMAT = dwarf;
				ENABLE_STRICT_OBJC_MSGSEND = YES;
				ENABLE_TESTABILITY = YES;
				GCC_C_LANGUAGE_STANDARD = gnu99;
				GCC_DYNAMIC_NO_PIC = NO;
				GCC_NO_COMMON_BLOCKS = YES;
				GCC_OPTIMIZATION_LEVEL = 0;
				GCC_PREPROCESSOR_DEFINITIONS = (
					"DEBUG=1",
					"$(inherited)",
				);
				GCC_WARN_64_TO_32_BIT_CONVERSION = YES;
				GCC_WARN_ABOUT_RETURN_TYPE = YES_ERROR;
				GCC_WARN_UNDECLARED_SELECTOR = YES;
				GCC_WARN_UNINITIALIZED_AUTOS = YES_AGGRESSIVE;
				GCC_WARN_UNUSED_FUNCTION = YES;
				GCC_WARN_UNUSED_VARIABLE = YES;
				IPHONEOS_DEPLOYMENT_TARGET = 9.3;
				MTL_ENABLE_DEBUG_INFO = YES;
				ONLY_ACTIVE_ARCH = YES;
				SDKROOT = iphoneos;
				SWIFT_OPTIMIZATION_LEVEL = "-Onone";
				TARGETED_DEVICE_FAMILY = "1,2";
			};
			name = Debug;
		};
		3EE4707B1D5B1D0B00D3CB31 /* Release */ = {
			isa = XCBuildConfiguration;
			buildSettings = {
				ALWAYS_SEARCH_USER_PATHS = NO;
				CLANG_ANALYZER_NONNULL = YES;
				CLANG_CXX_LANGUAGE_STANDARD = "gnu++0x";
				CLANG_CXX_LIBRARY = "libc++";
				CLANG_ENABLE_MODULES = YES;
				CLANG_ENABLE_OBJC_ARC = YES;
				CLANG_WARN_BOOL_CONVERSION = YES;
				CLANG_WARN_CONSTANT_CONVERSION = YES;
				CLANG_WARN_DIRECT_OBJC_ISA_USAGE = YES_ERROR;
				CLANG_WARN_EMPTY_BODY = YES;
				CLANG_WARN_ENUM_CONVERSION = YES;
				CLANG_WARN_INT_CONVERSION = YES;
				CLANG_WARN_OBJC_ROOT_CLASS = YES_ERROR;
				CLANG_WARN_UNREACHABLE_CODE = YES;
				CLANG_WARN__DUPLICATE_METHOD_MATCH = YES;
				"CODE_SIGN_IDENTITY[sdk=iphoneos*]" = "iPhone Developer";
				COPY_PHASE_STRIP = NO;
				DEBUG_INFORMATION_FORMAT = "dwarf-with-dsym";
				ENABLE_NS_ASSERTIONS = NO;
				ENABLE_STRICT_OBJC_MSGSEND = YES;
				GCC_C_LANGUAGE_STANDARD = gnu99;
				GCC_NO_COMMON_BLOCKS = YES;
				GCC_WARN_64_TO_32_BIT_CONVERSION = YES;
				GCC_WARN_ABOUT_RETURN_TYPE = YES_ERROR;
				GCC_WARN_UNDECLARED_SELECTOR = YES;
				GCC_WARN_UNINITIALIZED_AUTOS = YES_AGGRESSIVE;
				GCC_WARN_UNUSED_FUNCTION = YES;
				GCC_WARN_UNUSED_VARIABLE = YES;
				IPHONEOS_DEPLOYMENT_TARGET = 9.3;
				MTL_ENABLE_DEBUG_INFO = NO;
				SDKROOT = iphoneos;
				TARGETED_DEVICE_FAMILY = "1,2";
				VALIDATE_PRODUCT = YES;
			};
			name = Release;
		};
		3EE4707D1D5B1D0B00D3CB31 /* Debug */ = {
			isa = XCBuildConfiguration;
			buildSettings = {
				ASSETCATALOG_COMPILER_APPICON_NAME = AppIcon;
				CODE_SIGN_IDENTITY = "iPhone Developer";
				"CODE_SIGN_IDENTITY[sdk=iphoneos*]" = "iPhone Developer";
				INFOPLIST_FILE = WarsawNative/Info.plist;
				LD_RUNPATH_SEARCH_PATHS = "$(inherited) @executable_path/Frameworks";
				PRODUCT_BUNDLE_IDENTIFIER = com.warsawjs.warsawnative;
				PRODUCT_NAME = "$(TARGET_NAME)";
				PROVISIONING_PROFILE = "87206915-48ed-4b78-9a81-a8ea042b9c9b";
			};
			name = Debug;
		};
		3EE4707E1D5B1D0B00D3CB31 /* Release */ = {
			isa = XCBuildConfiguration;
			buildSettings = {
				ASSETCATALOG_COMPILER_APPICON_NAME = AppIcon;
				CODE_SIGN_IDENTITY = "iPhone Developer";
				"CODE_SIGN_IDENTITY[sdk=iphoneos*]" = "iPhone Distribution: Productive Mobile AWSM GmbH (LEK4SKE49E)";
				INFOPLIST_FILE = WarsawNative/Info.plist;
				LD_RUNPATH_SEARCH_PATHS = "$(inherited) @executable_path/Frameworks";
				PRODUCT_BUNDLE_IDENTIFIER = com.warsawjs.warsawnative;
				PRODUCT_NAME = "$(TARGET_NAME)";
				PROVISIONING_PROFILE = "87206915-48ed-4b78-9a81-a8ea042b9c9b";
			};
			name = Release;
		};
/* End XCBuildConfiguration section */

/* Begin XCConfigurationList section */
		3EE470651D5B1D0B00D3CB31 /* Build configuration list for PBXProject "WarsawNative" */ = {
			isa = XCConfigurationList;
			buildConfigurations = (
				3EE4707A1D5B1D0B00D3CB31 /* Debug */,
				3EE4707B1D5B1D0B00D3CB31 /* Release */,
			);
			defaultConfigurationIsVisible = 0;
			defaultConfigurationName = Release;
		};
		3EE4707C1D5B1D0B00D3CB31 /* Build configuration list for PBXNativeTarget "Warsaw Native" */ = {
			isa = XCConfigurationList;
			buildConfigurations = (
				3EE4707D1D5B1D0B00D3CB31 /* Debug */,
				3EE4707E1D5B1D0B00D3CB31 /* Release */,
			);
			defaultConfigurationIsVisible = 0;
			defaultConfigurationName = Release;
		};
/* End XCConfigurationList section */
	};
	rootObject = 3EE470621D5B1D0B00D3CB31 /* Project object */;
}
